
Microsoft Visual Studio Solution File, Format Version 12.00
# Visual Studio Version 17
VisualStudioVersion = 17.1.32328.378
MinimumVisualStudioVersion = 10.0.40219.1
Project("{FAE04EC0-301F-11D3-BF4B-00C04F79EFBC}") = "BasicConditionalExercises2", "BasicConditionalExercises2\BasicConditionalExercises2.csproj", "{B012883D-24CE-48FC-965F-95AA6CF71458}"
EndProject
Global
	GlobalSection(SolutionConfigurationPlatforms) = preSolution
		Debug|Any CPU = Debug|Any CPU
		Release|Any CPU = Release|Any CPU
	EndGlobalSection
	GlobalSection(ProjectConfigurationPlatforms) = postSolution
		{B012883D-24CE-48FC-965F-95AA6CF71458}.Debug|Any CPU.ActiveCfg = Debug|Any CPU
		{B012883D-24CE-48FC-965F-95AA6CF71458}.Debug|Any CPU.Build.0 = Debug|Any CPU
		{B012883D-24CE-48FC-965F-95AA6CF71458}.Release|Any CPU.ActiveCfg = Release|Any CPU
		{B012883D-24CE-48FC-965F-95AA6CF71458}.Release|Any CPU.Build.0 = Release|Any CPU
	EndGlobalSection
	GlobalSection(SolutionProperties) = preSolution
		HideSolutionNode = FALSE
	EndGlobalSection
	GlobalSection(ExtensibilityGlobals) = postSolution
		SolutionGuid = {883CCE17-7DEB-4448-9B93-C233B5ECAB33}
	EndGlobalSection
EndGlobal
